
Microsoft Visual Studio Solution File, Format Version 12.00
# Visual Studio Version 17
VisualStudioVersion = 17.6.33723.286
MinimumVisualStudioVersion = 10.0.40219.1
Project("{9A19103F-16F7-4668-BE54-9A1E7A4F7556}") = "mjpeg_over_http_server", "mjpeg_over_http-example\mjpeg_over_http_server.csproj", "{D94CBFE4-E70B-4D3A-AF80-1CA541918813}"
EndProject
Global
	GlobalSection(SolutionConfigurationPlatforms) = preSolution
		Debug|Any CPU = Debug|Any CPU
		Release|Any CPU = Release|Any CPU
	EndGlobalSection
	GlobalSection(ProjectConfigurationPlatforms) = postSolution
		{D94CBFE4-E70B-4D3A-AF80-1CA541918813}.Debug|Any CPU.ActiveCfg = Debug|Any CPU
		{D94CBFE4-E70B-4D3A-AF80-1CA541918813}.Debug|Any CPU.Build.0 = Debug|Any CPU
		{D94CBFE4-E70B-4D3A-AF80-1CA541918813}.Release|Any CPU.ActiveCfg = Release|Any CPU
		{D94CBFE4-E70B-4D3A-AF80-1CA541918813}.Release|Any CPU.Build.0 = Release|Any CPU
	EndGlobalSection
	GlobalSection(SolutionProperties) = preSolution
		HideSolutionNode = FALSE
	EndGlobalSection
	GlobalSection(ExtensibilityGlobals) = postSolution
		SolutionGuid = {B56A4C2B-7F63-4AA5-A71D-AE50D308C962}
	EndGlobalSection
EndGlobal
